
Microsoft Visual Studio Solution File, Format Version 12.00
# Visual Studio Version 17
VisualStudioVersion = 17.5.002.0
MinimumVisualStudioVersion = 10.0.40219.1
Project("{9A19103F-16F7-4668-BE54-9A1E7A4F7556}") = "guessing-number", "guessing-number.csproj", "{A0E96479-964E-41E2-A1FD-145F345B7984}"
EndProject
Global
	GlobalSection(SolutionConfigurationPlatforms) = preSolution
		Debug|Any CPU = Debug|Any CPU
		Release|Any CPU = Release|Any CPU
	EndGlobalSection
	GlobalSection(ProjectConfigurationPlatforms) = postSolution
		{A0E96479-964E-41E2-A1FD-145F345B7984}.Debug|Any CPU.ActiveCfg = Debug|Any CPU
		{A0E96479-964E-41E2-A1FD-145F345B7984}.Debug|Any CPU.Build.0 = Debug|Any CPU
		{A0E96479-964E-41E2-A1FD-145F345B7984}.Release|Any CPU.ActiveCfg = Release|Any CPU
		{A0E96479-964E-41E2-A1FD-145F345B7984}.Release|Any CPU.Build.0 = Release|Any CPU
	EndGlobalSection
	GlobalSection(SolutionProperties) = preSolution
		HideSolutionNode = FALSE
	EndGlobalSection
	GlobalSection(ExtensibilityGlobals) = postSolution
		SolutionGuid = {D3176DE3-D054-4D35-914A-4FC90F2913D2}
	EndGlobalSection
EndGlobal
